PODS:
  - WoofTabBarController (1.0.3)

DEPENDENCIES:
  - WoofTabBarController (from `../`)

EXTERNAL SOURCES:
  WoofTabBarController:
    :path: "../"

SPEC CHECKSUMS:
  WoofTabBarController: 3f1091e487b599262e676dd54bfbdae38753937b

PODFILE CHECKSUM: b53d6e21317180900cfe220b0efbd9b5302a898f

COCOAPODS: 1.8.4
