PODS:
  - WoofTabBarController (1.0.0)

DEPENDENCIES:
  - WoofTabBarController (from `../`)

EXTERNAL SOURCES:
  WoofTabBarController:
    :path: "../"

SPEC CHECKSUMS:
  WoofTabBarController: 8429c9e17bb4a42b7b7a3d428c8eb299c9ba4df8

PODFILE CHECKSUM: b53d6e21317180900cfe220b0efbd9b5302a898f

COCOAPODS: 1.7.0
